{
  "name": "revturbine-skills-release-gate",
  "lockfileVersion": 3,
  "requires": true,
  "packages": {
    "": {
      "name": "revturbine-skills-release-gate",
      "devDependencies": {
        "@revturbine/cli": "0.17.1",
        "@revturbine/sdk": "0.8.0",
        "semver": "7.7.3",
        "yaml": "2.9.0"
      },
      "engines": {
        "node": ">=22.13"
      }
    },
    "node_modules/@revturbine/cli": {
      "version": "0.17.1",
      "resolved": "https://registry.npmjs.org/@revturbine/cli/-/cli-0.17.1.tgz",
      "integrity": "sha512-donMkgMlCkwqmD1/RkJEjVsghRWTE9dk1jJv1mnBn3mV0lnrgt+JSnI0laZYex2Y5Rr+aA4mHLppdutDnLUlfQ==",
      "dev": true,
      "license": "MIT",
      "dependencies": {
        "@revturbine/sdk": "^0.7.4",
        "commander": "^15.0.0",
        "zod": "4.4.3"
      },
      "bin": {
        "revturbine": "dist/cli.js"
      },
      "engines": {
        "node": ">=22.13"
      }
    },
    "node_modules/@revturbine/cli/node_modules/@revturbine/sdk": {
      "version": "0.7.13",
      "resolved": "https://registry.npmjs.org/@revturbine/sdk/-/sdk-0.7.13.tgz",
      "integrity": "sha512-hYNFzuCWXeampSiPt3Bt1Mmof2fpL0uoNuUc54xebWYsD99aMM16a/HUxGztyurxprVlLBJvMk4o3VNYmlb+EQ==",
      "dev": true,
      "license": "MIT",
      "dependencies": {
        "zod": "4.4.3"
      },
      "engines": {
        "node": ">=22.13"
      },
      "peerDependencies": {
        "@growthbook/growthbook": ">=1.0.0",
        "@optimizely/optimizely-sdk": ">=6.0.0",
        "react": ">=18",
        "react-dom": ">=18"
      },
      "peerDependenciesMeta": {
        "@growthbook/growthbook": {
          "optional": true
        },
        "@optimizely/optimizely-sdk": {
          "optional": true
        },
        "react": {
          "optional": true
        },
        "react-dom": {
          "optional": true
        }
      }
    },
    "node_modules/@revturbine/sdk": {
      "version": "0.8.0",
      "resolved": "https://registry.npmjs.org/@revturbine/sdk/-/sdk-0.8.0.tgz",
      "integrity": "sha512-p7OTdhcXe0N5w+3YTfrot7blRa6tcbDQBkQiy1B5NjXEQqpT8fooCzUrv4CymIKm32zlPw1z/PBbwYcGQLXa+w==",
      "dev": true,
      "license": "MIT",
      "dependencies": {
        "zod": "4.4.3"
      },
      "engines": {
        "node": ">=22.13"
      },
      "peerDependencies": {
        "@growthbook/growthbook": ">=1.0.0",
        "@optimizely/optimizely-sdk": ">=6.0.0",
        "react": ">=18",
        "react-dom": ">=18"
      },
      "peerDependenciesMeta": {
        "@growthbook/growthbook": {
          "optional": true
        },
        "@optimizely/optimizely-sdk": {
          "optional": true
        },
        "react": {
          "optional": true
        },
        "react-dom": {
          "optional": true
        }
      }
    },
    "node_modules/commander": {
      "version": "15.0.0",
      "resolved": "https://registry.npmjs.org/commander/-/commander-15.0.0.tgz",
      "integrity": "sha512-z67u4ZhzCL/Tydu1lJARtEZYWbWaN7oYLHbsuzocr6y4N6WZAagG3RQ4FW61V1/0+jImpj293XfrcYnd1qxtPg==",
      "dev": true,
      "license": "MIT",
      "engines": {
        "node": ">=22.12.0"
      }
    },
    "node_modules/semver": {
      "version": "7.7.3",
      "resolved": "https://registry.npmjs.org/semver/-/semver-7.7.3.tgz",
      "integrity": "sha512-SdsKMrI9TdgjdweUSR9MweHA4EJ8YxHn8DFaDisvhVlUOe4BF1tLD7GAj0lIqWVl+dPb/rExr0Btby5loQm20Q==",
      "dev": true,
      "license": "ISC",
      "bin": {
        "semver": "bin/semver.js"
      },
      "engines": {
        "node": ">=10"
      }
    },
    "node_modules/yaml": {
      "version": "2.9.0",
      "resolved": "https://registry.npmjs.org/yaml/-/yaml-2.9.0.tgz",
      "integrity": "sha512-2AvhNX3mb8zd6Zy7INTtSpl1F15HW6Wnqj0srWlkKLcpYl/gMIMJiyuGq2KeI2YFxUPjdlB+3Lc10seMLtL4cA==",
      "dev": true,
      "license": "ISC",
      "bin": {
        "yaml": "bin.mjs"
      },
      "engines": {
        "node": ">= 14.6"
      },
      "funding": {
        "url": "https://github.com/sponsors/eemeli"
      }
    },
    "node_modules/zod": {
      "version": "4.4.3",
      "resolved": "https://registry.npmjs.org/zod/-/zod-4.4.3.tgz",
      "integrity": "sha512-ytENFjIJFl2UwYglde2jchW2Hwm4GJFLDiSXWdTrJQBIN9Fcyp7n4DhxJEiWNAJMV1/BqWfW/kkg71UDcHJyTQ==",
      "dev": true,
      "license": "MIT",
      "funding": {
        "url": "https://github.com/sponsors/colinhacks"
      }
    }
  }
}
